// !$*UTF8*$!
{
	archiveVersion = 1;
	classes = {
	};
	objectVersion = 50;
	objects = {

/* Begin PBXBuildFile section */
		F05130C026586DB9009314D7 /* AppDelegate.swift in Sources */ = {isa = PBXBuildFile; fileRef = F05130BF26586DB9009314D7 /* AppDelegate.swift */; };
		F05130C226586DB9009314D7 /* SceneDelegate.swift in Sources */ = {isa = PBXBuildFile; fileRef = F05130C126586DB9009314D7 /* SceneDelegate.swift */; };
		F05130C426586DB9009314D7 /* ViewController.swift in Sources */ = {isa = PBXBuildFile; fileRef = F05130C326586DB9009314D7 /* ViewController.swift */; };
		F05130C726586DB9009314D7 /* Main.storyboard in Resources */ = {isa = PBXBuildFile; fileRef = F05130C526586DB9009314D7 /* Main.storyboard */; };
		F05130C926586DBA009314D7 /* Assets.xcassets in Resources */ = {isa = PBXBuildFile; fileRef = F05130C826586DBA009314D7 /* Assets.xcassets */; };
		F05130CC26586DBA009314D7 /* LaunchScreen.storyboard in Resources */ = {isa = PBXBuildFile; fileRef = F05130CA26586DBA009314D7 /* LaunchScreen.storyboard */; };
		F0B60510265AF91C00AFF2B0 /* WeatherBG_Moon.png in Resources */ = {isa = PBXBuildFile; fileRef = F0B6050F265AF91C00AFF2B0 /* WeatherBG_Moon.png */; };
		F0B60514265B0E2D00AFF2B0 /* home50x50@2x.png in Resources */ = {isa = PBXBuildFile; fileRef = F0B60511265B0E2D00AFF2B0 /* home50x50@2x.png */; };
		F0B60515265B0E2D00AFF2B0 /* home300.png in Resources */ = {isa = PBXBuildFile; fileRef = F0B60512265B0E2D00AFF2B0 /* home300.png */; };
		F0B60516265B0E2D00AFF2B0 /* home50x50@3x.png in Resources */ = {isa = PBXBuildFile; fileRef = F0B60513265B0E2D00AFF2B0 /* home50x50@3x.png */; };
		F0B60518265B13B100AFF2B0 /* AutoLayoutViewController.swift in Sources */ = {isa = PBXBuildFile; fileRef = F0B60517265B13B100AFF2B0 /* AutoLayoutViewController.swift */; };
/* End PBXBuildFile section */

/* Begin PBXFileReference section */
		F05130BC26586DB9009314D7 /* Basic_1_Lecture.app */ = {isa = PBXFileReference; explicitFileType = wrapper.application; includeInIndex = 0; path = Basic_1_Lecture.app; sourceTree = BUILT_PRODUCTS_DIR; };
		F05130BF26586DB9009314D7 /* AppDelegate.swift */ = {isa = PBXFileReference; lastKnownFileType = sourcecode.swift; path = AppDelegate.swift; sourceTree = "<group>"; };
		F05130C126586DB9009314D7 /* SceneDelegate.swift */ = {isa = PBXFileReference; lastKnownFileType = sourcecode.swift; path = SceneDelegate.swift; sourceTree = "<group>"; };
		F05130C326586DB9009314D7 /* ViewController.swift */ = {isa = PBXFileReference; lastKnownFileType = sourcecode.swift; path = ViewController.swift; sourceTree = "<group>"; };
		F05130C626586DB9009314D7 /* Base */ = {isa = PBXFileReference; lastKnownFileType = file.storyboard; name = Base; path = Base.lproj/Main.storyboard; sourceTree = "<group>"; };
		F05130C826586DBA009314D7 /* Assets.xcassets */ = {isa = PBXFileReference; lastKnownFileType = folder.assetcatalog; path = Assets.xcassets; sourceTree = "<group>"; };
		F05130CB26586DBA009314D7 /* Base */ = {isa = PBXFileReference; lastKnownFileType = file.storyboard; name = Base; path = Base.lproj/LaunchScreen.storyboard; sourceTree = "<group>"; };
		F05130CD26586DBA009314D7 /* Info.plist */ = {isa = PBXFileReference; lastKnownFileType = text.plist.xml; path = Info.plist; sourceTree = "<group>"; };
		F0B6050F265AF91C00AFF2B0 /* WeatherBG_Moon.png */ = {isa = PBXFileReference; lastKnownFileType = image.png; path = WeatherBG_Moon.png; sourceTree = "<group>"; };
		F0B60511265B0E2D00AFF2B0 /* home50x50@2x.png */ = {isa = PBXFileReference; lastKnownFileType = image.png; path = "home50x50@2x.png"; sourceTree = "<group>"; };
		F0B60512265B0E2D00AFF2B0 /* home300.png */ = {isa = PBXFileReference; lastKnownFileType = image.png; path = home300.png; sourceTree = "<group>"; };
		F0B60513265B0E2D00AFF2B0 /* home50x50@3x.png */ = {isa = PBXFileReference; lastKnownFileType = image.png; path = "home50x50@3x.png"; sourceTree = "<group>"; };
		F0B60517265B13B100AFF2B0 /* AutoLayoutViewController.swift */ = {isa = PBXFileReference; lastKnownFileType = sourcecode.swift; path = AutoLayoutViewController.swift; sourceTree = "<group>"; };
/* End PBXFileReference section */

/* Begin PBXFrameworksBuildPhase section */
		F05130B926586DB9009314D7 /* Frameworks */ = {
			isa = PBXFrameworksBuildPhase;
			buildActionMask = 2147483647;
			files = (
			);
			runOnlyForDeploymentPostprocessing = 0;
		};
/* End PBXFrameworksBuildPhase section */

/* Begin PBXGroup section */
		F05130B326586DB9009314D7 = {
			isa = PBXGroup;
			children = (
				F05130BE26586DB9009314D7 /* Basic_1_Lecture */,
				F05130BD26586DB9009314D7 /* Products */,
			);
			sourceTree = "<group>";
		};
		F05130BD26586DB9009314D7 /* Products */ = {
			isa = PBXGroup;
			children = (
				F05130BC26586DB9009314D7 /* Basic_1_Lecture.app */,
			);
			name = Products;
			sourceTree = "<group>";
		};
		F05130BE26586DB9009314D7 /* Basic_1_Lecture */ = {
			isa = PBXGroup;
			children = (
				F05130BF26586DB9009314D7 /* AppDelegate.swift */,
				F05130C126586DB9009314D7 /* SceneDelegate.swift */,
				F05130C326586DB9009314D7 /* ViewController.swift */,
				F05130C526586DB9009314D7 /* Main.storyboard */,
				F05130C826586DBA009314D7 /* Assets.xcassets */,
				F05130CA26586DBA009314D7 /* LaunchScreen.storyboard */,
				F05130CD26586DBA009314D7 /* Info.plist */,
				F0B6050F265AF91C00AFF2B0 /* WeatherBG_Moon.png */,
				F0B60511265B0E2D00AFF2B0 /* home50x50@2x.png */,
				F0B60513265B0E2D00AFF2B0 /* home50x50@3x.png */,
				F0B60512265B0E2D00AFF2B0 /* home300.png */,
				F0B60517265B13B100AFF2B0 /* AutoLayoutViewController.swift */,
			);
			path = Basic_1_Lecture;
			sourceTree = "<group>";
		};
/* End PBXGroup section */

/* Begin PBXNativeTarget section */
		F05130BB26586DB9009314D7 /* Basic_1_Lecture */ = {
			isa = PBXNativeTarget;
			buildConfigurationList = F05130D026586DBA009314D7 /* Build configuration list for PBXNativeTarget "Basic_1_Lecture" */;
			buildPhases = (
				F05130B826586DB9009314D7 /* Sources */,
				F05130B926586DB9009314D7 /* Frameworks */,
				F05130BA26586DB9009314D7 /* Resources */,
			);
			buildRules = (
			);
			dependencies = (
			);
			name = Basic_1_Lecture;
			productName = Basic_1_Lecture;
			productReference = F05130BC26586DB9009314D7 /* Basic_1_Lecture.app */;
			productType = "com.apple.product-type.application";
		};
/* End PBXNativeTarget section */

/* Begin PBXProject section */
		F05130B426586DB9009314D7 /* Project object */ = {
			isa = PBXProject;
			attributes = {
				LastSwiftUpdateCheck = 1250;
				LastUpgradeCheck = 1250;
				TargetAttributes = {
					F05130BB26586DB9009314D7 = {
						CreatedOnToolsVersion = 12.5;
					};
				};
			};
			buildConfigurationList = F05130B726586DB9009314D7 /* Build configuration list for PBXProject "Basic_1_Lecture" */;
			compatibilityVersion = "Xcode 9.3";
			developmentRegion = en;
			hasScannedForEncodings = 0;
			knownRegions = (
				en,
				Base,
			);
			mainGroup = F05130B326586DB9009314D7;
			productRefGroup = F05130BD26586DB9009314D7 /* Products */;
			projectDirPath = "";
			projectRoot = "";
			targets = (
				F05130BB26586DB9009314D7 /* Basic_1_Lecture */,
			);
		};
/* End PBXProject section */

/* Begin PBXResourcesBuildPhase section */
		F05130BA26586DB9009314D7 /* Resources */ = {
			isa = PBXResourcesBuildPhase;
			buildActionMask = 2147483647;
			files = (
				F0B60515265B0E2D00AFF2B0 /* home300.png in Resources */,
				F0B60514265B0E2D00AFF2B0 /* home50x50@2x.png in Resources */,
				F05130CC26586DBA009314D7 /* LaunchScreen.storyboard in Resources */,
				F05130C926586DBA009314D7 /* Assets.xcassets in Resources */,
				F0B60516265B0E2D00AFF2B0 /* home50x50@3x.png in Resources */,
				F0B60510265AF91C00AFF2B0 /* WeatherBG_Moon.png in Resources */,
				F05130C726586DB9009314D7 /* Main.storyboard in Resources */,
			);
			runOnlyForDeploymentPostprocessing = 0;
		};
/* End PBXResourcesBuildPhase section */

/* Begin PBXSourcesBuildPhase section */
		F05130B826586DB9009314D7 /* Sources */ = {
			isa = PBXSourcesBuildPhase;
			buildActionMask = 2147483647;
			files = (
				F05130C426586DB9009314D7 /* ViewController.swift in Sources */,
				F05130C026586DB9009314D7 /* AppDelegate.swift in Sources */,
				F05130C226586DB9009314D7 /* SceneDelegate.swift in Sources */,
				F0B60518265B13B100AFF2B0 /* AutoLayoutViewController.swift in Sources */,
			);
			runOnlyForDeploymentPostprocessing = 0;
		};
/* End PBXSourcesBuildPhase section */

/* Begin PBXVariantGroup section */
		F05130C526586DB9009314D7 /* Main.storyboard */ = {
			isa = PBXVariantGroup;
			children = (
				F05130C626586DB9009314D7 /* Base */,
			);
			name = Main.storyboard;
			sourceTree = "<group>";
		};
		F05130CA26586DBA009314D7 /* LaunchScreen.storyboard */ = {
			isa = PBXVariantGroup;
			children = (
				F05130CB26586DBA009314D7 /* Base */,
			);
			name = LaunchScreen.storyboard;
			sourceTree = "<group>";
		};
/* End PBXVariantGroup section */

/* Begin XCBuildConfiguration section */
		F05130CE26586DBA009314D7 /* Debug */ = {
			isa = XCBuildConfiguration;
			buildSettings = {
				ALWAYS_SEARCH_USER_PATHS = NO;
				CLANG_ANALYZER_NONNULL = YES;
				CLANG_ANALYZER_NUMBER_OBJECT_CONVERSION = YES_AGGRESSIVE;
				CLANG_CXX_LANGUAGE_STANDARD = "gnu++14";
				CLANG_CXX_LIBRARY = "libc++";
				CLANG_ENABLE_MODULES = YES;
				CLANG_ENABLE_OBJC_ARC = YES;
				CLANG_ENABLE_OBJC_WEAK = YES;
				CLANG_WARN_BLOCK_CAPTURE_AUTORELEASING = YES;
				CLANG_WARN_BOOL_CONVERSION = YES;
				CLANG_WARN_COMMA = YES;
				CLANG_WARN_CONSTANT_CONVERSION = YES;
				CLANG_WARN_DEPRECATED_OBJC_IMPLEMENTATIONS = YES;
				CLANG_WARN_DIRECT_OBJC_ISA_USAGE = YES_ERROR;
				CLANG_WARN_DOCUMENTATION_COMMENTS = YES;
				CLANG_WARN_EMPTY_BODY = YES;
				CLANG_WARN_ENUM_CONVERSION = YES;
				CLANG_WARN_INFINITE_RECURSION = YES;
				CLANG_WARN_INT_CONVERSION = YES;
				CLANG_WARN_NON_LITERAL_NULL_CONVERSION = YES;
				CLANG_WARN_OBJC_IMPLICIT_RETAIN_SELF = YES;
				CLANG_WARN_OBJC_LITERAL_CONVERSION = YES;
				CLANG_WARN_OBJC_ROOT_CLASS = YES_ERROR;
				CLANG_WARN_QUOTED_INCLUDE_IN_FRAMEWORK_HEADER = YES;
				CLANG_WARN_RANGE_LOOP_ANALYSIS = YES;
				CLANG_WARN_STRICT_PROTOTYPES = YES;
				CLANG_WARN_SUSPICIOUS_MOVE = YES;
				CLANG_WARN_UNGUARDED_AVAILABILITY = YES_AGGRESSIVE;
				CLANG_WARN_UNREACHABLE_CODE = YES;
				CLANG_WARN__DUPLICATE_METHOD_MATCH = YES;
				COPY_PHASE_STRIP = NO;
				DEBUG_INFORMATION_FORMAT = dwarf;
				ENABLE_STRICT_OBJC_MSGSEND = YES;
				ENABLE_TESTABILITY = YES;
				GCC_C_LANGUAGE_STANDARD = gnu11;
				GCC_DYNAMIC_NO_PIC = NO;
				GCC_NO_COMMON_BLOCKS = YES;
				GCC_OPTIMIZATION_LEVEL = 0;
				GCC_PREPROCESSOR_DEFINITIONS = (
					"DEBUG=1",
					"$(inherited)",
				);
				GCC_WARN_64_TO_32_BIT_CONVERSION = YES;
				GCC_WARN_ABOUT_RETURN_TYPE = YES_ERROR;
				GCC_WARN_UNDECLARED_SELECTOR = YES;
				GCC_WARN_UNINITIALIZED_AUTOS = YES_AGGRESSIVE;
				GCC_WARN_UNUSED_FUNCTION = YES;
				GCC_WARN_UNUSED_VARIABLE = YES;
				IPHONEOS_DEPLOYMENT_TARGET = 14.5;
				MTL_ENABLE_DEBUG_INFO = INCLUDE_SOURCE;
				MTL_FAST_MATH = YES;
				ONLY_ACTIVE_ARCH = YES;
				SDKROOT = iphoneos;
				SWIFT_ACTIVE_COMPILATION_CONDITIONS = DEBUG;
				SWIFT_OPTIMIZATION_LEVEL = "-Onone";
			};
			name = Debug;
		};
		F05130CF26586DBA009314D7 /* Release */ = {
			isa = XCBuildConfiguration;
			buildSettings = {
				ALWAYS_SEARCH_USER_PATHS = NO;
				CLANG_ANALYZER_NONNULL = YES;
				CLANG_ANALYZER_NUMBER_OBJECT_CONVERSION = YES_AGGRESSIVE;
				CLANG_CXX_LANGUAGE_STANDARD = "gnu++14";
				CLANG_CXX_LIBRARY = "libc++";
				CLANG_ENABLE_MODULES = YES;
				CLANG_ENABLE_OBJC_ARC = YES;
				CLANG_ENABLE_OBJC_WEAK = YES;
				CLANG_WARN_BLOCK_CAPTURE_AUTORELEASING = YES;
				CLANG_WARN_BOOL_CONVERSION = YES;
				CLANG_WARN_COMMA = YES;
				CLANG_WARN_CONSTANT_CONVERSION = YES;
				CLANG_WARN_DEPRECATED_OBJC_IMPLEMENTATIONS = YES;
				CLANG_WARN_DIRECT_OBJC_ISA_USAGE = YES_ERROR;
				CLANG_WARN_DOCUMENTATION_COMMENTS = YES;
				CLANG_WARN_EMPTY_BODY = YES;
				CLANG_WARN_ENUM_CONVERSION = YES;
				CLANG_WARN_INFINITE_RECURSION = YES;
				CLANG_WARN_INT_CONVERSION = YES;
				CLANG_WARN_NON_LITERAL_NULL_CONVERSION = YES;
				CLANG_WARN_OBJC_IMPLICIT_RETAIN_SELF = YES;
				CLANG_WARN_OBJC_LITERAL_CONVERSION = YES;
				CLANG_WARN_OBJC_ROOT_CLASS = YES_ERROR;
				CLANG_WARN_QUOTED_INCLUDE_IN_FRAMEWORK_HEADER = YES;
				CLANG_WARN_RANGE_LOOP_ANALYSIS = YES;
				CLANG_WARN_STRICT_PROTOTYPES = YES;
				CLANG_WARN_SUSPICIOUS_MOVE = YES;
				CLANG_WARN_UNGUARDED_AVAILABILITY = YES_AGGRESSIVE;
				CLANG_WARN_UNREACHABLE_CODE = YES;
				CLANG_WARN__DUPLICATE_METHOD_MATCH = YES;
				COPY_PHASE_STRIP = NO;
				DEBUG_INFORMATION_FORMAT = "dwarf-with-dsym";
				ENABLE_NS_ASSERTIONS = NO;
				ENABLE_STRICT_OBJC_MSGSEND = YES;
				GCC_C_LANGUAGE_STANDARD = gnu11;
				GCC_NO_COMMON_BLOCKS = YES;
				GCC_WARN_64_TO_32_BIT_CONVERSION = YES;
				GCC_WARN_ABOUT_RETURN_TYPE = YES_ERROR;
				GCC_WARN_UNDECLARED_SELECTOR = YES;
				GCC_WARN_UNINITIALIZED_AUTOS = YES_AGGRESSIVE;
				GCC_WARN_UNUSED_FUNCTION = YES;
				GCC_WARN_UNUSED_VARIABLE = YES;
				IPHONEOS_DEPLOYMENT_TARGET = 14.5;
				MTL_ENABLE_DEBUG_INFO = NO;
				MTL_FAST_MATH = YES;
				SDKROOT = iphoneos;
				SWIFT_COMPILATION_MODE = wholemodule;
				SWIFT_OPTIMIZATION_LEVEL = "-O";
				VALIDATE_PRODUCT = YES;
			};
			name = Release;
		};
		F05130D126586DBA009314D7 /* Debug */ = {
			isa = XCBuildConfiguration;
			buildSettings = {
				ASSETCATALOG_COMPILER_APPICON_NAME = AppIcon;
				ASSETCATALOG_COMPILER_GLOBAL_ACCENT_COLOR_NAME = AccentColor;
				CODE_SIGN_STYLE = Automatic;
				DEVELOPMENT_TEAM = T79F4XUAMW;
				INFOPLIST_FILE = Basic_1_Lecture/Info.plist;
				LD_RUNPATH_SEARCH_PATHS = (
					"$(inherited)",
					"@executable_path/Frameworks",
				);
				PRODUCT_BUNDLE_IDENTIFIER = "com.jayhan.Basic-1-Lecture";
				PRODUCT_NAME = "$(TARGET_NAME)";
				SWIFT_VERSION = 5.0;
				TARGETED_DEVICE_FAMILY = "1,2";
			};
			name = Debug;
		};
		F05130D226586DBA009314D7 /* Release */ = {
			isa = XCBuildConfiguration;
			buildSettings = {
				ASSETCATALOG_COMPILER_APPICON_NAME = AppIcon;
				ASSETCATALOG_COMPILER_GLOBAL_ACCENT_COLOR_NAME = AccentColor;
				CODE_SIGN_STYLE = Automatic;
				DEVELOPMENT_TEAM = T79F4XUAMW;
				INFOPLIST_FILE = Basic_1_Lecture/Info.plist;
				LD_RUNPATH_SEARCH_PATHS = (
					"$(inherited)",
					"@executable_path/Frameworks",
				);
				PRODUCT_BUNDLE_IDENTIFIER = "com.jayhan.Basic-1-Lecture";
				PRODUCT_NAME = "$(TARGET_NAME)";
				SWIFT_VERSION = 5.0;
				TARGETED_DEVICE_FAMILY = "1,2";
			};
			name = Release;
		};
/* End XCBuildConfiguration section */

/* Begin XCConfigurationList section */
		F05130B726586DB9009314D7 /* Build configuration list for PBXProject "Basic_1_Lecture" */ = {
			isa = XCConfigurationList;
			buildConfigurations = (
				F05130CE26586DBA009314D7 /* Debug */,
				F05130CF26586DBA009314D7 /* Release */,
			);
			defaultConfigurationIsVisible = 0;
			defaultConfigurationName = Release;
		};
		F05130D026586DBA009314D7 /* Build configuration list for PBXNativeTarget "Basic_1_Lecture" */ = {
			isa = XCConfigurationList;
			buildConfigurations = (
				F05130D126586DBA009314D7 /* Debug */,
				F05130D226586DBA009314D7 /* Release */,
			);
			defaultConfigurationIsVisible = 0;
			defaultConfigurationName = Release;
		};
/* End XCConfigurationList section */
	};
	rootObject = F05130B426586DB9009314D7 /* Project object */;
}
